
Microsoft Visual Studio Solution File, Format Version 12.00
# Visual Studio 15
VisualStudioVersion = 15.0.26730.15
MinimumVisualStudioVersion = 10.0.40219.1
Project("{FAE04EC0-301F-11D3-BF4B-00C04F79EFBC}") = "Web_app", "Web_app\Web_app.csproj", "{A33885CF-7443-4DA9-B554-13CE1664BF88}"
EndProject
Project("{FAE04EC0-301F-11D3-BF4B-00C04F79EFBC}") = "TestProject", "TestProject\TestProject.csproj", "{3CC1016E-A3D2-41DC-B259-A3656E09BC90}"
EndProject
Global
	GlobalSection(SolutionConfigurationPlatforms) = preSolution
		Debug|Any CPU = Debug|Any CPU
		Release|Any CPU = Release|Any CPU
	EndGlobalSection
	GlobalSection(ProjectConfigurationPlatforms) = postSolution
		{A33885CF-7443-4DA9-B554-13CE1664BF88}.Debug|Any CPU.ActiveCfg = Debug|Any CPU
		{A33885CF-7443-4DA9-B554-13CE1664BF88}.Debug|Any CPU.Build.0 = Debug|Any CPU
		{A33885CF-7443-4DA9-B554-13CE1664BF88}.Release|Any CPU.ActiveCfg = Release|Any CPU
		{A33885CF-7443-4DA9-B554-13CE1664BF88}.Release|Any CPU.Build.0 = Release|Any CPU
		{3CC1016E-A3D2-41DC-B259-A3656E09BC90}.Debug|Any CPU.ActiveCfg = Debug|Any CPU
		{3CC1016E-A3D2-41DC-B259-A3656E09BC90}.Debug|Any CPU.Build.0 = Debug|Any CPU
		{3CC1016E-A3D2-41DC-B259-A3656E09BC90}.Release|Any CPU.ActiveCfg = Release|Any CPU
		{3CC1016E-A3D2-41DC-B259-A3656E09BC90}.Release|Any CPU.Build.0 = Release|Any CPU
	EndGlobalSection
	GlobalSection(SolutionProperties) = preSolution
		HideSolutionNode = FALSE
	EndGlobalSection
	GlobalSection(ExtensibilityGlobals) = postSolution
		SolutionGuid = {B2475706-17AE-41F2-AF88-93E013566FA5}
	EndGlobalSection
EndGlobal
